// !$*UTF8*$!
{
	archiveVersion = 1;
	classes = {
	};
	objectVersion = 54;
	objects = {

/* Begin PBXBuildFile section */
		0288973C176E4FB7BFAA2665 /* Cormorant-Bold.ttf in Resources */ = {isa = PBXBuildFile; fileRef = B590095C2E56436CB5F8B2E4 /* Cormorant-Bold.ttf */; };
		06C51F05DFBF4FC69A191BB2 /* MontserratAlternates-Black.ttf in Resources */ = {isa = PBXBuildFile; fileRef = 88A0526611744E20B77C92E9 /* MontserratAlternates-Black.ttf */; };
		0C80B921A6F3F58F76C31292 /* libPods-SkyMusicCity.a in Frameworks */ = {isa = PBXBuildFile; fileRef = 5DCACB8F33CDC322A6C60F78 /* libPods-SkyMusicCity.a */; };
		13B07FBF1A68108700A75B9A /* Images.xcassets in Resources */ = {isa = PBXBuildFile; fileRef = 13B07FB51A68108700A75B9A /* Images.xcassets */; };
		2326939F4A894AEE9105CF1D /* DMSans18pt-Regular.ttf in Resources */ = {isa = PBXBuildFile; fileRef = 4FD7B90E808749F08257F4FB /* DMSans18pt-Regular.ttf */; };
		406C5A8FD82947D8858E1409 /* SFProText-Regular.ttf in Resources */ = {isa = PBXBuildFile; fileRef = 49468EFC91B945BAAFB3D3E7 /* SFProText-Regular.ttf */; };
		45740089DC214E9FBE824683 /* Poppins-Bold.ttf in Resources */ = {isa = PBXBuildFile; fileRef = B48C17B40500449BB630C207 /* Poppins-Bold.ttf */; };
		4E213459566E489CA30EA713 /* Poppins-SemiBold.ttf in Resources */ = {isa = PBXBuildFile; fileRef = FE7582E60CD341BDA9CD47D1 /* Poppins-SemiBold.ttf */; };
		52AE529939B549459B43963B /* Cormorant-Medium.ttf in Resources */ = {isa = PBXBuildFile; fileRef = 5D4ED9C29C124B779E74D78E /* Cormorant-Medium.ttf */; };
		56837C396D524154933C84BA /* Poppins-Black.ttf in Resources */ = {isa = PBXBuildFile; fileRef = 05CF193A082B403B9F6935A1 /* Poppins-Black.ttf */; };
		6BD5315FFB0C4A6B9DD15046 /* Montserrat-Italic.ttf in Resources */ = {isa = PBXBuildFile; fileRef = BD04D3B508A44CD3AC49ABC4 /* Montserrat-Italic.ttf */; };
		734F10561CE6503B7BCDAE01 /* PrivacyInfo.xcprivacy in Resources */ = {isa = PBXBuildFile; fileRef = 13B07FB81A68108700A75B9A /* PrivacyInfo.xcprivacy */; };
		761780ED2CA45674006654EE /* AppDelegate.swift in Sources */ = {isa = PBXBuildFile; fileRef = 761780EC2CA45674006654EE /* AppDelegate.swift */; };
		81AB9BB82411601600AC10FF /* LaunchScreen.storyboard in Resources */ = {isa = PBXBuildFile; fileRef = 81AB9BB72411601600AC10FF /* LaunchScreen.storyboard */; };
		8FA478EA2DC6463BA737B5FD /* Montserrat-Bold.ttf in Resources */ = {isa = PBXBuildFile; fileRef = C60D4F978B764CC88476E93C /* Montserrat-Bold.ttf */; };
		926E5995BEBD43D28B379151 /* Poppins-Thin.ttf in Resources */ = {isa = PBXBuildFile; fileRef = BCC1A2A466C549FAB889F2BB /* Poppins-Thin.ttf */; };
		B09576B7EF844B4CACF77C74 /* Poppins-Italic.ttf in Resources */ = {isa = PBXBuildFile; fileRef = 71BA6C33D4AB4F8BA2E59022 /* Poppins-Italic.ttf */; };
		B5ABF5C2288140D980E99268 /* Cormorant-SemiBold.ttf in Resources */ = {isa = PBXBuildFile; fileRef = 26FC1A17E6B4474587931931 /* Cormorant-SemiBold.ttf */; };
		B971393ABDA542C78F043B9C /* Poppins-Regular.ttf in Resources */ = {isa = PBXBuildFile; fileRef = 1DBBC2ED99A443088DDEB333 /* Poppins-Regular.ttf */; };
		DA9B38973BC94844B0234366 /* Montserrat-Regular.ttf in Resources */ = {isa = PBXBuildFile; fileRef = BC18084AF5A749A2B5959E79 /* Montserrat-Regular.ttf */; };
		DC72E50CDB1942B5A3AE620D /* Cormorant-Regular.ttf in Resources */ = {isa = PBXBuildFile; fileRef = 70AD588F9DAF4487AF4314DC /* Cormorant-Regular.ttf */; };
		E31F7081313B41E9B2027F88 /* Poppins-Medium.ttf in Resources */ = {isa = PBXBuildFile; fileRef = 46B94DC309C14B029FF29C7D /* Poppins-Medium.ttf */; };
		E42E9E1CBB7A47C5924BE34F /* DMSans18pt-Bold.ttf in Resources */ = {isa = PBXBuildFile; fileRef = 6369F1878C504A129CC69293 /* DMSans18pt-Bold.ttf */; };
		E84446227DAB4383B3B3CEB6 /* DMSans18pt-Medium.ttf in Resources */ = {isa = PBXBuildFile; fileRef = E562D0CEF50344DE9D67FE97 /* DMSans18pt-Medium.ttf */; };
		F0D1B57749F542F7A79BC01E /* Cormorant-Italic.ttf in Resources */ = {isa = PBXBuildFile; fileRef = 3CB6A29918024E338E030A14 /* Cormorant-Italic.ttf */; };
		F17697B9B2CF429784693E77 /* Montserrat-SemiBold.ttf in Resources */ = {isa = PBXBuildFile; fileRef = 8A155A2ACE28415A93082D9E /* Montserrat-SemiBold.ttf */; };
		F43C8C4F124E42B2A2FAA81E /* DMSans18pt-Black.ttf in Resources */ = {isa = PBXBuildFile; fileRef = 55F3DF27318743F095A546A6 /* DMSans18pt-Black.ttf */; };
		F50678F6ACDE428DACCBA581 /* Montserrat-Medium.ttf in Resources */ = {isa = PBXBuildFile; fileRef = 28E138E62ADA4020B81491F9 /* Montserrat-Medium.ttf */; };
		F6AEA1C16D4E4E958FF653E1 /* MontserratAlternates-Regular.ttf in Resources */ = {isa = PBXBuildFile; fileRef = D4C3B0B5D6854D78A5473AF9 /* MontserratAlternates-Regular.ttf */; };
		F90615F6D4C4426EBF809A37 /* MontserratAlternates-Bold.ttf in Resources */ = {isa = PBXBuildFile; fileRef = 41BD2B69C35F4C35A740E896 /* MontserratAlternates-Bold.ttf */; };
/* End PBXBuildFile section */

/* Begin PBXFileReference section */
		05CF193A082B403B9F6935A1 /* Poppins-Black.ttf */ = {isa = PBXFileReference; explicitFileType = undefined; fileEncoding = 9; includeInIndex = 0; lastKnownFileType = unknown; name = "Poppins-Black.ttf"; path = "../src/assets/fonts/Poppins-Black.ttf"; sourceTree = "<group>"; };
		13B07F961A680F5B00A75B9A /* SkyMusicCity.app */ = {isa = PBXFileReference; explicitFileType = wrapper.application; includeInIndex = 0; path = SkyMusicCity.app; sourceTree = BUILT_PRODUCTS_DIR; };
		13B07FB51A68108700A75B9A /* Images.xcassets */ = {isa = PBXFileReference; lastKnownFileType = folder.assetcatalog; name = Images.xcassets; path = SkyMusicCity/Images.xcassets; sourceTree = "<group>"; };
		13B07FB61A68108700A75B9A /* Info.plist */ = {isa = PBXFileReference; fileEncoding = 4; lastKnownFileType = text.plist.xml; name = Info.plist; path = SkyMusicCity/Info.plist; sourceTree = "<group>"; };
		13B07FB81A68108700A75B9A /* PrivacyInfo.xcprivacy */ = {isa = PBXFileReference; fileEncoding = 4; lastKnownFileType = text.plist.xml; name = PrivacyInfo.xcprivacy; path = SkyMusicCity/PrivacyInfo.xcprivacy; sourceTree = "<group>"; };
		1DBBC2ED99A443088DDEB333 /* Poppins-Regular.ttf */ = {isa = PBXFileReference; explicitFileType = undefined; fileEncoding = 9; includeInIndex = 0; lastKnownFileType = unknown; name = "Poppins-Regular.ttf"; path = "../src/assets/fonts/Poppins-Regular.ttf"; sourceTree = "<group>"; };
		26FC1A17E6B4474587931931 /* Cormorant-SemiBold.ttf */ = {isa = PBXFileReference; explicitFileType = undefined; fileEncoding = 9; includeInIndex = 0; lastKnownFileType = unknown; name = "Cormorant-SemiBold.ttf"; path = "../src/assets/fonts/Cormorant-SemiBold.ttf"; sourceTree = "<group>"; };
		28E138E62ADA4020B81491F9 /* Montserrat-Medium.ttf */ = {isa = PBXFileReference; explicitFileType = undefined; fileEncoding = 9; includeInIndex = 0; lastKnownFileType = unknown; name = "Montserrat-Medium.ttf"; path = "../src/assets/fonts/Montserrat-Medium.ttf"; sourceTree = "<group>"; };
		3B4392A12AC88292D35C810B /* Pods-SkyMusicCity.debug.xcconfig */ = {isa = PBXFileReference; includeInIndex = 1; lastKnownFileType = text.xcconfig; name = "Pods-SkyMusicCity.debug.xcconfig"; path = "Target Support Files/Pods-SkyMusicCity/Pods-SkyMusicCity.debug.xcconfig"; sourceTree = "<group>"; };
		3CB6A29918024E338E030A14 /* Cormorant-Italic.ttf */ = {isa = PBXFileReference; explicitFileType = undefined; fileEncoding = 9; includeInIndex = 0; lastKnownFileType = unknown; name = "Cormorant-Italic.ttf"; path = "../src/assets/fonts/Cormorant-Italic.ttf"; sourceTree = "<group>"; };
		41BD2B69C35F4C35A740E896 /* MontserratAlternates-Bold.ttf */ = {isa = PBXFileReference; explicitFileType = undefined; fileEncoding = 9; includeInIndex = 0; lastKnownFileType = unknown; name = "MontserratAlternates-Bold.ttf"; path = "../src/assets/fonts/MontserratAlternates-Bold.ttf"; sourceTree = "<group>"; };
		46B94DC309C14B029FF29C7D /* Poppins-Medium.ttf */ = {isa = PBXFileReference; explicitFileType = undefined; fileEncoding = 9; includeInIndex = 0; lastKnownFileType = unknown; name = "Poppins-Medium.ttf"; path = "../src/assets/fonts/Poppins-Medium.ttf"; sourceTree = "<group>"; };
		49468EFC91B945BAAFB3D3E7 /* SFProText-Regular.ttf */ = {isa = PBXFileReference; explicitFileType = undefined; fileEncoding = 9; includeInIndex = 0; lastKnownFileType = unknown; name = "SFProText-Regular.ttf"; path = "../src/assets/fonts/SFProText-Regular.ttf"; sourceTree = "<group>"; };
		4FD7B90E808749F08257F4FB /* DMSans18pt-Regular.ttf */ = {isa = PBXFileReference; explicitFileType = undefined; fileEncoding = undefined; includeInIndex = 0; lastKnownFileType = unknown; name = "DMSans18pt-Regular.ttf"; path = "../src/assets/fonts/DMSans18pt-Regular.ttf"; sourceTree = "<group>"; };
		55F3DF27318743F095A546A6 /* DMSans18pt-Black.ttf */ = {isa = PBXFileReference; explicitFileType = undefined; fileEncoding = undefined; includeInIndex = 0; lastKnownFileType = unknown; name = "DMSans18pt-Black.ttf"; path = "../src/assets/fonts/DMSans18pt-Black.ttf"; sourceTree = "<group>"; };
		5709B34CF0A7D63546082F79 /* Pods-SkyMusicCity.release.xcconfig */ = {isa = PBXFileReference; includeInIndex = 1; lastKnownFileType = text.xcconfig; name = "Pods-SkyMusicCity.release.xcconfig"; path = "Target Support Files/Pods-SkyMusicCity/Pods-SkyMusicCity.release.xcconfig"; sourceTree = "<group>"; };
		5D4ED9C29C124B779E74D78E /* Cormorant-Medium.ttf */ = {isa = PBXFileReference; explicitFileType = undefined; fileEncoding = 9; includeInIndex = 0; lastKnownFileType = unknown; name = "Cormorant-Medium.ttf"; path = "../src/assets/fonts/Cormorant-Medium.ttf"; sourceTree = "<group>"; };
		5DCACB8F33CDC322A6C60F78 /* libPods-SkyMusicCity.a */ = {isa = PBXFileReference; explicitFileType = archive.ar; includeInIndex = 0; path = "libPods-SkyMusicCity.a"; sourceTree = BUILT_PRODUCTS_DIR; };
		6369F1878C504A129CC69293 /* DMSans18pt-Bold.ttf */ = {isa = PBXFileReference; explicitFileType = undefined; fileEncoding = undefined; includeInIndex = 0; lastKnownFileType = unknown; name = "DMSans18pt-Bold.ttf"; path = "../src/assets/fonts/DMSans18pt-Bold.ttf"; sourceTree = "<group>"; };
		70AD588F9DAF4487AF4314DC /* Cormorant-Regular.ttf */ = {isa = PBXFileReference; explicitFileType = undefined; fileEncoding = 9; includeInIndex = 0; lastKnownFileType = unknown; name = "Cormorant-Regular.ttf"; path = "../src/assets/fonts/Cormorant-Regular.ttf"; sourceTree = "<group>"; };
		71BA6C33D4AB4F8BA2E59022 /* Poppins-Italic.ttf */ = {isa = PBXFileReference; explicitFileType = undefined; fileEncoding = 9; includeInIndex = 0; lastKnownFileType = unknown; name = "Poppins-Italic.ttf"; path = "../src/assets/fonts/Poppins-Italic.ttf"; sourceTree = "<group>"; };
		761780EC2CA45674006654EE /* AppDelegate.swift */ = {isa = PBXFileReference; lastKnownFileType = sourcecode.swift; name = AppDelegate.swift; path = SkyMusicCity/AppDelegate.swift; sourceTree = "<group>"; };
		81AB9BB72411601600AC10FF /* LaunchScreen.storyboard */ = {isa = PBXFileReference; fileEncoding = 4; lastKnownFileType = file.storyboard; name = LaunchScreen.storyboard; path = SkyMusicCity/LaunchScreen.storyboard; sourceTree = "<group>"; };
		88A0526611744E20B77C92E9 /* MontserratAlternates-Black.ttf */ = {isa = PBXFileReference; explicitFileType = undefined; fileEncoding = 9; includeInIndex = 0; lastKnownFileType = unknown; name = "MontserratAlternates-Black.ttf"; path = "../src/assets/fonts/MontserratAlternates-Black.ttf"; sourceTree = "<group>"; };
		8A155A2ACE28415A93082D9E /* Montserrat-SemiBold.ttf */ = {isa = PBXFileReference; explicitFileType = undefined; fileEncoding = 9; includeInIndex = 0; lastKnownFileType = unknown; name = "Montserrat-SemiBold.ttf"; path = "../src/assets/fonts/Montserrat-SemiBold.ttf"; sourceTree = "<group>"; };
		B48C17B40500449BB630C207 /* Poppins-Bold.ttf */ = {isa = PBXFileReference; explicitFileType = undefined; fileEncoding = 9; includeInIndex = 0; lastKnownFileType = unknown; name = "Poppins-Bold.ttf"; path = "../src/assets/fonts/Poppins-Bold.ttf"; sourceTree = "<group>"; };
		B590095C2E56436CB5F8B2E4 /* Cormorant-Bold.ttf */ = {isa = PBXFileReference; explicitFileType = undefined; fileEncoding = 9; includeInIndex = 0; lastKnownFileType = unknown; name = "Cormorant-Bold.ttf"; path = "../src/assets/fonts/Cormorant-Bold.ttf"; sourceTree = "<group>"; };
		BC18084AF5A749A2B5959E79 /* Montserrat-Regular.ttf */ = {isa = PBXFileReference; explicitFileType = undefined; fileEncoding = 9; includeInIndex = 0; lastKnownFileType = unknown; name = "Montserrat-Regular.ttf"; path = "../src/assets/fonts/Montserrat-Regular.ttf"; sourceTree = "<group>"; };
		BCC1A2A466C549FAB889F2BB /* Poppins-Thin.ttf */ = {isa = PBXFileReference; explicitFileType = undefined; fileEncoding = 9; includeInIndex = 0; lastKnownFileType = unknown; name = "Poppins-Thin.ttf"; path = "../src/assets/fonts/Poppins-Thin.ttf"; sourceTree = "<group>"; };
		BD04D3B508A44CD3AC49ABC4 /* Montserrat-Italic.ttf */ = {isa = PBXFileReference; explicitFileType = undefined; fileEncoding = 9; includeInIndex = 0; lastKnownFileType = unknown; name = "Montserrat-Italic.ttf"; path = "../src/assets/fonts/Montserrat-Italic.ttf"; sourceTree = "<group>"; };
		C60D4F978B764CC88476E93C /* Montserrat-Bold.ttf */ = {isa = PBXFileReference; explicitFileType = undefined; fileEncoding = 9; includeInIndex = 0; lastKnownFileType = unknown; name = "Montserrat-Bold.ttf"; path = "../src/assets/fonts/Montserrat-Bold.ttf"; sourceTree = "<group>"; };
		D4C3B0B5D6854D78A5473AF9 /* MontserratAlternates-Regular.ttf */ = {isa = PBXFileReference; explicitFileType = undefined; fileEncoding = 9; includeInIndex = 0; lastKnownFileType = unknown; name = "MontserratAlternates-Regular.ttf"; path = "../src/assets/fonts/MontserratAlternates-Regular.ttf"; sourceTree = "<group>"; };
		E562D0CEF50344DE9D67FE97 /* DMSans18pt-Medium.ttf */ = {isa = PBXFileReference; explicitFileType = undefined; fileEncoding = undefined; includeInIndex = 0; lastKnownFileType = unknown; name = "DMSans18pt-Medium.ttf"; path = "../src/assets/fonts/DMSans18pt-Medium.ttf"; sourceTree = "<group>"; };
		ED297162215061F000B7C4FE /* JavaScriptCore.framework */ = {isa = PBXFileReference; lastKnownFileType = wrapper.framework; name = JavaScriptCore.framework; path = System/Library/Frameworks/JavaScriptCore.framework; sourceTree = SDKROOT; };
		FE7582E60CD341BDA9CD47D1 /* Poppins-SemiBold.ttf */ = {isa = PBXFileReference; explicitFileType = undefined; fileEncoding = 9; includeInIndex = 0; lastKnownFileType = unknown; name = "Poppins-SemiBold.ttf"; path = "../src/assets/fonts/Poppins-SemiBold.ttf"; sourceTree = "<group>"; };
/* End PBXFileReference section */

/* Begin PBXFrameworksBuildPhase section */
		13B07F8C1A680F5B00A75B9A /* Frameworks */ = {
			isa = PBXFrameworksBuildPhase;
			buildActionMask = 2147483647;
			files = (
				0C80B921A6F3F58F76C31292 /* libPods-SkyMusicCity.a in Frameworks */,
			);
			runOnlyForDeploymentPostprocessing = 0;
		};
/* End PBXFrameworksBuildPhase section */

/* Begin PBXGroup section */
		13B07FAE1A68108700A75B9A /* SkyMusicCity */ = {
			isa = PBXGroup;
			children = (
				13B07FB51A68108700A75B9A /* Images.xcassets */,
				761780EC2CA45674006654EE /* AppDelegate.swift */,
				13B07FB61A68108700A75B9A /* Info.plist */,
				81AB9BB72411601600AC10FF /* LaunchScreen.storyboard */,
				13B07FB81A68108700A75B9A /* PrivacyInfo.xcprivacy */,
			);
			name = SkyMusicCity;
			sourceTree = "<group>";
		};
		2D16E6871FA4F8E400B85C8A /* Frameworks */ = {
			isa = PBXGroup;
			children = (
				ED297162215061F000B7C4FE /* JavaScriptCore.framework */,
				5DCACB8F33CDC322A6C60F78 /* libPods-SkyMusicCity.a */,
			);
			name = Frameworks;
			sourceTree = "<group>";
		};
		673FA1B912C0459AB8665F03 /* Resources */ = {
			isa = PBXGroup;
			children = (
				B590095C2E56436CB5F8B2E4 /* Cormorant-Bold.ttf */,
				3CB6A29918024E338E030A14 /* Cormorant-Italic.ttf */,
				5D4ED9C29C124B779E74D78E /* Cormorant-Medium.ttf */,
				70AD588F9DAF4487AF4314DC /* Cormorant-Regular.ttf */,
				26FC1A17E6B4474587931931 /* Cormorant-SemiBold.ttf */,
				C60D4F978B764CC88476E93C /* Montserrat-Bold.ttf */,
				BD04D3B508A44CD3AC49ABC4 /* Montserrat-Italic.ttf */,
				28E138E62ADA4020B81491F9 /* Montserrat-Medium.ttf */,
				BC18084AF5A749A2B5959E79 /* Montserrat-Regular.ttf */,
				8A155A2ACE28415A93082D9E /* Montserrat-SemiBold.ttf */,
				88A0526611744E20B77C92E9 /* MontserratAlternates-Black.ttf */,
				41BD2B69C35F4C35A740E896 /* MontserratAlternates-Bold.ttf */,
				D4C3B0B5D6854D78A5473AF9 /* MontserratAlternates-Regular.ttf */,
				05CF193A082B403B9F6935A1 /* Poppins-Black.ttf */,
				B48C17B40500449BB630C207 /* Poppins-Bold.ttf */,
				71BA6C33D4AB4F8BA2E59022 /* Poppins-Italic.ttf */,
				46B94DC309C14B029FF29C7D /* Poppins-Medium.ttf */,
				1DBBC2ED99A443088DDEB333 /* Poppins-Regular.ttf */,
				FE7582E60CD341BDA9CD47D1 /* Poppins-SemiBold.ttf */,
				BCC1A2A466C549FAB889F2BB /* Poppins-Thin.ttf */,
				49468EFC91B945BAAFB3D3E7 /* SFProText-Regular.ttf */,
				55F3DF27318743F095A546A6 /* DMSans18pt-Black.ttf */,
				6369F1878C504A129CC69293 /* DMSans18pt-Bold.ttf */,
				E562D0CEF50344DE9D67FE97 /* DMSans18pt-Medium.ttf */,
				4FD7B90E808749F08257F4FB /* DMSans18pt-Regular.ttf */,
			);
			name = Resources;
			sourceTree = "<group>";
		};
		832341AE1AAA6A7D00B99B32 /* Libraries */ = {
			isa = PBXGroup;
			children = (
			);
			name = Libraries;
			sourceTree = "<group>";
		};
		83CBB9F61A601CBA00E9B192 = {
			isa = PBXGroup;
			children = (
				13B07FAE1A68108700A75B9A /* SkyMusicCity */,
				832341AE1AAA6A7D00B99B32 /* Libraries */,
				83CBBA001A601CBA00E9B192 /* Products */,
				2D16E6871FA4F8E400B85C8A /* Frameworks */,
				BBD78D7AC51CEA395F1C20DB /* Pods */,
				673FA1B912C0459AB8665F03 /* Resources */,
			);
			indentWidth = 2;
			sourceTree = "<group>";
			tabWidth = 2;
			usesTabs = 0;
		};
		83CBBA001A601CBA00E9B192 /* Products */ = {
			isa = PBXGroup;
			children = (
				13B07F961A680F5B00A75B9A /* SkyMusicCity.app */,
			);
			name = Products;
			sourceTree = "<group>";
		};
		BBD78D7AC51CEA395F1C20DB /* Pods */ = {
			isa = PBXGroup;
			children = (
				3B4392A12AC88292D35C810B /* Pods-SkyMusicCity.debug.xcconfig */,
				5709B34CF0A7D63546082F79 /* Pods-SkyMusicCity.release.xcconfig */,
			);
			path = Pods;
			sourceTree = "<group>";
		};
/* End PBXGroup section */

/* Begin PBXNativeTarget section */
		13B07F861A680F5B00A75B9A /* SkyMusicCity */ = {
			isa = PBXNativeTarget;
			buildConfigurationList = 13B07F931A680F5B00A75B9A /* Build configuration list for PBXNativeTarget "SkyMusicCity" */;
			buildPhases = (
				C38B50BA6285516D6DCD4F65 /* [CP] Check Pods Manifest.lock */,
				13B07F871A680F5B00A75B9A /* Sources */,
				13B07F8C1A680F5B00A75B9A /* Frameworks */,
				13B07F8E1A680F5B00A75B9A /* Resources */,
				00DD1BFF1BD5951E006B06BC /* Bundle React Native code and images */,
				00EEFC60759A1932668264C0 /* [CP] Embed Pods Frameworks */,
				E235C05ADACE081382539298 /* [CP] Copy Pods Resources */,
			);
			buildRules = (
			);
			dependencies = (
			);
			name = SkyMusicCity;
			productName = SkyMusicCity;
			productReference = 13B07F961A680F5B00A75B9A /* SkyMusicCity.app */;
			productType = "com.apple.product-type.application";
		};
/* End PBXNativeTarget section */

/* Begin PBXProject section */
		83CBB9F71A601CBA00E9B192 /* Project object */ = {
			isa = PBXProject;
			attributes = {
				LastUpgradeCheck = 1210;
				TargetAttributes = {
					13B07F861A680F5B00A75B9A = {
						LastSwiftMigration = 1120;
					};
				};
			};
			buildConfigurationList = 83CBB9FA1A601CBA00E9B192 /* Build configuration list for PBXProject "SkyMusicCity" */;
			compatibilityVersion = "Xcode 12.0";
			developmentRegion = en;
			hasScannedForEncodings = 0;
			knownRegions = (
				en,
				Base,
			);
			mainGroup = 83CBB9F61A601CBA00E9B192;
			productRefGroup = 83CBBA001A601CBA00E9B192 /* Products */;
			projectDirPath = "";
			projectRoot = "";
			targets = (
				13B07F861A680F5B00A75B9A /* SkyMusicCity */,
			);
		};
/* End PBXProject section */

/* Begin PBXResourcesBuildPhase section */
		13B07F8E1A680F5B00A75B9A /* Resources */ = {
			isa = PBXResourcesBuildPhase;
			buildActionMask = 2147483647;
			files = (
				81AB9BB82411601600AC10FF /* LaunchScreen.storyboard in Resources */,
				13B07FBF1A68108700A75B9A /* Images.xcassets in Resources */,
				734F10561CE6503B7BCDAE01 /* PrivacyInfo.xcprivacy in Resources */,
				0288973C176E4FB7BFAA2665 /* Cormorant-Bold.ttf in Resources */,
				F0D1B57749F542F7A79BC01E /* Cormorant-Italic.ttf in Resources */,
				52AE529939B549459B43963B /* Cormorant-Medium.ttf in Resources */,
				DC72E50CDB1942B5A3AE620D /* Cormorant-Regular.ttf in Resources */,
				B5ABF5C2288140D980E99268 /* Cormorant-SemiBold.ttf in Resources */,
				8FA478EA2DC6463BA737B5FD /* Montserrat-Bold.ttf in Resources */,
				6BD5315FFB0C4A6B9DD15046 /* Montserrat-Italic.ttf in Resources */,
				F50678F6ACDE428DACCBA581 /* Montserrat-Medium.ttf in Resources */,
				DA9B38973BC94844B0234366 /* Montserrat-Regular.ttf in Resources */,
				F17697B9B2CF429784693E77 /* Montserrat-SemiBold.ttf in Resources */,
				06C51F05DFBF4FC69A191BB2 /* MontserratAlternates-Black.ttf in Resources */,
				F90615F6D4C4426EBF809A37 /* MontserratAlternates-Bold.ttf in Resources */,
				F6AEA1C16D4E4E958FF653E1 /* MontserratAlternates-Regular.ttf in Resources */,
				56837C396D524154933C84BA /* Poppins-Black.ttf in Resources */,
				45740089DC214E9FBE824683 /* Poppins-Bold.ttf in Resources */,
				B09576B7EF844B4CACF77C74 /* Poppins-Italic.ttf in Resources */,
				E31F7081313B41E9B2027F88 /* Poppins-Medium.ttf in Resources */,
				B971393ABDA542C78F043B9C /* Poppins-Regular.ttf in Resources */,
				4E213459566E489CA30EA713 /* Poppins-SemiBold.ttf in Resources */,
				926E5995BEBD43D28B379151 /* Poppins-Thin.ttf in Resources */,
				406C5A8FD82947D8858E1409 /* SFProText-Regular.ttf in Resources */,
				F43C8C4F124E42B2A2FAA81E /* DMSans18pt-Black.ttf in Resources */,
				E42E9E1CBB7A47C5924BE34F /* DMSans18pt-Bold.ttf in Resources */,
				E84446227DAB4383B3B3CEB6 /* DMSans18pt-Medium.ttf in Resources */,
				2326939F4A894AEE9105CF1D /* DMSans18pt-Regular.ttf in Resources */,
			);
			runOnlyForDeploymentPostprocessing = 0;
		};
/* End PBXResourcesBuildPhase section */

/* Begin PBXShellScriptBuildPhase section */
		00DD1BFF1BD5951E006B06BC /* Bundle React Native code and images */ = {
			isa = PBXShellScriptBuildPhase;
			buildActionMask = 2147483647;
			files = (
			);
			inputPaths = (
				"$(SRCROOT)/.xcode.env.local",
				"$(SRCROOT)/.xcode.env",
			);
			name = "Bundle React Native code and images";
			outputPaths = (
			);
			runOnlyForDeploymentPostprocessing = 0;
			shellPath = /bin/sh;
			shellScript = "set -e\n\nWITH_ENVIRONMENT=\"$REACT_NATIVE_PATH/scripts/xcode/with-environment.sh\"\nREACT_NATIVE_XCODE=\"$REACT_NATIVE_PATH/scripts/react-native-xcode.sh\"\n\n/bin/sh -c \"$WITH_ENVIRONMENT $REACT_NATIVE_XCODE\"\n";
		};
		00EEFC60759A1932668264C0 /* [CP] Embed Pods Frameworks */ = {
			isa = PBXShellScriptBuildPhase;
			buildActionMask = 2147483647;
			files = (
			);
			inputFileListPaths = (
				"${PODS_ROOT}/Target Support Files/Pods-SkyMusicCity/Pods-SkyMusicCity-frameworks-${CONFIGURATION}-input-files.xcfilelist",
			);
			name = "[CP] Embed Pods Frameworks";
			outputFileListPaths = (
				"${PODS_ROOT}/Target Support Files/Pods-SkyMusicCity/Pods-SkyMusicCity-frameworks-${CONFIGURATION}-output-files.xcfilelist",
			);
			runOnlyForDeploymentPostprocessing = 0;
			shellPath = /bin/sh;
			shellScript = "\"${PODS_ROOT}/Target Support Files/Pods-SkyMusicCity/Pods-SkyMusicCity-frameworks.sh\"\n";
			showEnvVarsInLog = 0;
		};
		C38B50BA6285516D6DCD4F65 /* [CP] Check Pods Manifest.lock */ = {
			isa = PBXShellScriptBuildPhase;
			buildActionMask = 2147483647;
			files = (
			);
			inputFileListPaths = (
			);
			inputPaths = (
				"${PODS_PODFILE_DIR_PATH}/Podfile.lock",
				"${PODS_ROOT}/Manifest.lock",
			);
			name = "[CP] Check Pods Manifest.lock";
			outputFileListPaths = (
			);
			outputPaths = (
				"$(DERIVED_FILE_DIR)/Pods-SkyMusicCity-checkManifestLockResult.txt",
			);
			runOnlyForDeploymentPostprocessing = 0;
			shellPath = /bin/sh;
			shellScript = "diff \"${PODS_PODFILE_DIR_PATH}/Podfile.lock\" \"${PODS_ROOT}/Manifest.lock\" > /dev/null\nif [ $? != 0 ] ; then\n    # print error to STDERR\n    echo \"error: The sandbox is not in sync with the Podfile.lock. Run 'pod install' or update your CocoaPods installation.\" >&2\n    exit 1\nfi\n# This output is used by Xcode 'outputs' to avoid re-running this script phase.\necho \"SUCCESS\" > \"${SCRIPT_OUTPUT_FILE_0}\"\n";
			showEnvVarsInLog = 0;
		};
		E235C05ADACE081382539298 /* [CP] Copy Pods Resources */ = {
			isa = PBXShellScriptBuildPhase;
			buildActionMask = 2147483647;
			files = (
			);
			inputFileListPaths = (
				"${PODS_ROOT}/Target Support Files/Pods-SkyMusicCity/Pods-SkyMusicCity-resources-${CONFIGURATION}-input-files.xcfilelist",
			);
			name = "[CP] Copy Pods Resources";
			outputFileListPaths = (
				"${PODS_ROOT}/Target Support Files/Pods-SkyMusicCity/Pods-SkyMusicCity-resources-${CONFIGURATION}-output-files.xcfilelist",
			);
			runOnlyForDeploymentPostprocessing = 0;
			shellPath = /bin/sh;
			shellScript = "\"${PODS_ROOT}/Target Support Files/Pods-SkyMusicCity/Pods-SkyMusicCity-resources.sh\"\n";
			showEnvVarsInLog = 0;
		};
/* End PBXShellScriptBuildPhase section */

/* Begin PBXSourcesBuildPhase section */
		13B07F871A680F5B00A75B9A /* Sources */ = {
			isa = PBXSourcesBuildPhase;
			buildActionMask = 2147483647;
			files = (
				761780ED2CA45674006654EE /* AppDelegate.swift in Sources */,
			);
			runOnlyForDeploymentPostprocessing = 0;
		};
/* End PBXSourcesBuildPhase section */

/* Begin XCBuildConfiguration section */
		13B07F941A680F5B00A75B9A /* Debug */ = {
			isa = XCBuildConfiguration;
			baseConfigurationReference = 3B4392A12AC88292D35C810B /* Pods-SkyMusicCity.debug.xcconfig */;
			buildSettings = {
				ASSETCATALOG_COMPILER_APPICON_NAME = AppIcon;
				CLANG_ENABLE_MODULES = YES;
				CURRENT_PROJECT_VERSION = 1;
				DEVELOPMENT_TEAM = "";
				ENABLE_BITCODE = NO;
				INFOPLIST_FILE = SkyMusicCity/Info.plist;
				IPHONEOS_DEPLOYMENT_TARGET = 15.1;
				LD_RUNPATH_SEARCH_PATHS = (
					"$(inherited)",
					"@executable_path/Frameworks",
				);
				MARKETING_VERSION = 1.0;
				OTHER_LDFLAGS = (
					"$(inherited)",
					"-ObjC",
					"-lc++",
				);
				PRODUCT_BUNDLE_IDENTIFIER = com.sky.music.city.app;
				PRODUCT_NAME = SkyMusicCity;
				SWIFT_OPTIMIZATION_LEVEL = "-Onone";
				SWIFT_VERSION = 5.0;
				VERSIONING_SYSTEM = "apple-generic";
			};
			name = Debug;
		};
		13B07F951A680F5B00A75B9A /* Release */ = {
			isa = XCBuildConfiguration;
			baseConfigurationReference = 5709B34CF0A7D63546082F79 /* Pods-SkyMusicCity.release.xcconfig */;
			buildSettings = {
				ASSETCATALOG_COMPILER_APPICON_NAME = AppIcon;
				CLANG_ENABLE_MODULES = YES;
				CURRENT_PROJECT_VERSION = 1;
				DEVELOPMENT_TEAM = "";
				INFOPLIST_FILE = SkyMusicCity/Info.plist;
				IPHONEOS_DEPLOYMENT_TARGET = 15.1;
				LD_RUNPATH_SEARCH_PATHS = (
					"$(inherited)",
					"@executable_path/Frameworks",
				);
				MARKETING_VERSION = 1.0;
				OTHER_LDFLAGS = (
					"$(inherited)",
					"-ObjC",
					"-lc++",
				);
				PRODUCT_BUNDLE_IDENTIFIER = com.sky.music.city.app;
				PRODUCT_NAME = SkyMusicCity;
				SWIFT_VERSION = 5.0;
				VERSIONING_SYSTEM = "apple-generic";
			};
			name = Release;
		};
		83CBBA201A601CBA00E9B192 /* Debug */ = {
			isa = XCBuildConfiguration;
			buildSettings = {
				ALWAYS_SEARCH_USER_PATHS = NO;
				CLANG_ANALYZER_LOCALIZABILITY_NONLOCALIZED = YES;
				CLANG_CXX_LANGUAGE_STANDARD = "c++20";
				CLANG_CXX_LIBRARY = "libc++";
				CLANG_ENABLE_MODULES = YES;
				CLANG_ENABLE_OBJC_ARC = YES;
				CLANG_WARN_BLOCK_CAPTURE_AUTORELEASING = YES;
				CLANG_WARN_BOOL_CONVERSION = YES;
				CLANG_WARN_COMMA = YES;
				CLANG_WARN_CONSTANT_CONVERSION = YES;
				CLANG_WARN_DEPRECATED_OBJC_IMPLEMENTATIONS = YES;
				CLANG_WARN_DIRECT_OBJC_ISA_USAGE = YES_ERROR;
				CLANG_WARN_EMPTY_BODY = YES;
				CLANG_WARN_ENUM_CONVERSION = YES;
				CLANG_WARN_INFINITE_RECURSION = YES;
				CLANG_WARN_INT_CONVERSION = YES;
				CLANG_WARN_NON_LITERAL_NULL_CONVERSION = YES;
				CLANG_WARN_OBJC_IMPLICIT_RETAIN_SELF = YES;
				CLANG_WARN_OBJC_LITERAL_CONVERSION = YES;
				CLANG_WARN_OBJC_ROOT_CLASS = YES_ERROR;
				CLANG_WARN_QUOTED_INCLUDE_IN_FRAMEWORK_HEADER = YES;
				CLANG_WARN_RANGE_LOOP_ANALYSIS = YES;
				CLANG_WARN_STRICT_PROTOTYPES = YES;
				CLANG_WARN_SUSPICIOUS_MOVE = YES;
				CLANG_WARN_UNREACHABLE_CODE = YES;
				CLANG_WARN__DUPLICATE_METHOD_MATCH = YES;
				"CODE_SIGN_IDENTITY[sdk=iphoneos*]" = "iPhone Developer";
				COPY_PHASE_STRIP = NO;
				ENABLE_STRICT_OBJC_MSGSEND = YES;
				ENABLE_TESTABILITY = YES;
				"EXCLUDED_ARCHS[sdk=iphonesimulator*]" = "";
				GCC_C_LANGUAGE_STANDARD = gnu99;
				GCC_DYNAMIC_NO_PIC = NO;
				GCC_NO_COMMON_BLOCKS = YES;
				GCC_OPTIMIZATION_LEVEL = 0;
				GCC_PREPROCESSOR_DEFINITIONS = (
					"DEBUG=1",
					"$(inherited)",
				);
				GCC_SYMBOLS_PRIVATE_EXTERN = NO;
				GCC_WARN_64_TO_32_BIT_CONVERSION = YES;
				GCC_WARN_ABOUT_RETURN_TYPE = YES_ERROR;
				GCC_WARN_UNDECLARED_SELECTOR = YES;
				GCC_WARN_UNINITIALIZED_AUTOS = YES_AGGRESSIVE;
				GCC_WARN_UNUSED_FUNCTION = YES;
				GCC_WARN_UNUSED_VARIABLE = YES;
				IPHONEOS_DEPLOYMENT_TARGET = 15.1;
				LD_RUNPATH_SEARCH_PATHS = (
					/usr/lib/swift,
					"$(inherited)",
				);
				LIBRARY_SEARCH_PATHS = (
					"\"$(SDKROOT)/usr/lib/swift\"",
					"\"$(TOOLCHAIN_DIR)/usr/lib/swift/$(PLATFORM_NAME)\"",
					"\"$(inherited)\"",
				);
				MTL_ENABLE_DEBUG_INFO = YES;
				ONLY_ACTIVE_ARCH = YES;
				OTHER_CPLUSPLUSFLAGS = (
					"$(OTHER_CFLAGS)",
					"-DFOLLY_NO_CONFIG",
					"-DFOLLY_MOBILE=1",
					"-DFOLLY_USE_LIBCPP=1",
					"-DFOLLY_CFG_NO_COROUTINES=1",
					"-DFOLLY_HAVE_CLOCK_GETTIME=1",
				);
				OTHER_LDFLAGS = (
					"$(inherited)",
					" ",
				);
				REACT_NATIVE_PATH = "${PODS_ROOT}/../../node_modules/react-native";
				SDKROOT = iphoneos;
				SWIFT_ACTIVE_COMPILATION_CONDITIONS = "$(inherited) DEBUG";
				USE_HERMES = true;
			};
			name = Debug;
		};
		83CBBA211A601CBA00E9B192 /* Release */ = {
			isa = XCBuildConfiguration;
			buildSettings = {
				ALWAYS_SEARCH_USER_PATHS = NO;
				CLANG_ANALYZER_LOCALIZABILITY_NONLOCALIZED = YES;
				CLANG_CXX_LANGUAGE_STANDARD = "c++20";
				CLANG_CXX_LIBRARY = "libc++";
				CLANG_ENABLE_MODULES = YES;
				CLANG_ENABLE_OBJC_ARC = YES;
				CLANG_WARN_BLOCK_CAPTURE_AUTORELEASING = YES;
				CLANG_WARN_BOOL_CONVERSION = YES;
				CLANG_WARN_COMMA = YES;
				CLANG_WARN_CONSTANT_CONVERSION = YES;
				CLANG_WARN_DEPRECATED_OBJC_IMPLEMENTATIONS = YES;
				CLANG_WARN_DIRECT_OBJC_ISA_USAGE = YES_ERROR;
				CLANG_WARN_EMPTY_BODY = YES;
				CLANG_WARN_ENUM_CONVERSION = YES;
				CLANG_WARN_INFINITE_RECURSION = YES;
				CLANG_WARN_INT_CONVERSION = YES;
				CLANG_WARN_NON_LITERAL_NULL_CONVERSION = YES;
				CLANG_WARN_OBJC_IMPLICIT_RETAIN_SELF = YES;
				CLANG_WARN_OBJC_LITERAL_CONVERSION = YES;
				CLANG_WARN_OBJC_ROOT_CLASS = YES_ERROR;
				CLANG_WARN_QUOTED_INCLUDE_IN_FRAMEWORK_HEADER = YES;
				CLANG_WARN_RANGE_LOOP_ANALYSIS = YES;
				CLANG_WARN_STRICT_PROTOTYPES = YES;
				CLANG_WARN_SUSPICIOUS_MOVE = YES;
				CLANG_WARN_UNREACHABLE_CODE = YES;
				CLANG_WARN__DUPLICATE_METHOD_MATCH = YES;
				"CODE_SIGN_IDENTITY[sdk=iphoneos*]" = "iPhone Developer";
				COPY_PHASE_STRIP = YES;
				ENABLE_NS_ASSERTIONS = NO;
				ENABLE_STRICT_OBJC_MSGSEND = YES;
				"EXCLUDED_ARCHS[sdk=iphonesimulator*]" = "";
				GCC_C_LANGUAGE_STANDARD = gnu99;
				GCC_NO_COMMON_BLOCKS = YES;
				GCC_WARN_64_TO_32_BIT_CONVERSION = YES;
				GCC_WARN_ABOUT_RETURN_TYPE = YES_ERROR;
				GCC_WARN_UNDECLARED_SELECTOR = YES;
				GCC_WARN_UNINITIALIZED_AUTOS = YES_AGGRESSIVE;
				GCC_WARN_UNUSED_FUNCTION = YES;
				GCC_WARN_UNUSED_VARIABLE = YES;
				IPHONEOS_DEPLOYMENT_TARGET = 15.1;
				LD_RUNPATH_SEARCH_PATHS = (
					/usr/lib/swift,
					"$(inherited)",
				);
				LIBRARY_SEARCH_PATHS = (
					"\"$(SDKROOT)/usr/lib/swift\"",
					"\"$(TOOLCHAIN_DIR)/usr/lib/swift/$(PLATFORM_NAME)\"",
					"\"$(inherited)\"",
				);
				MTL_ENABLE_DEBUG_INFO = NO;
				OTHER_CPLUSPLUSFLAGS = (
					"$(OTHER_CFLAGS)",
					"-DFOLLY_NO_CONFIG",
					"-DFOLLY_MOBILE=1",
					"-DFOLLY_USE_LIBCPP=1",
					"-DFOLLY_CFG_NO_COROUTINES=1",
					"-DFOLLY_HAVE_CLOCK_GETTIME=1",
				);
				OTHER_LDFLAGS = (
					"$(inherited)",
					" ",
				);
				REACT_NATIVE_PATH = "${PODS_ROOT}/../../node_modules/react-native";
				SDKROOT = iphoneos;
				USE_HERMES = true;
				VALIDATE_PRODUCT = YES;
			};
			name = Release;
		};
/* End XCBuildConfiguration section */

/* Begin XCConfigurationList section */
		13B07F931A680F5B00A75B9A /* Build configuration list for PBXNativeTarget "SkyMusicCity" */ = {
			isa = XCConfigurationList;
			buildConfigurations = (
				13B07F941A680F5B00A75B9A /* Debug */,
				13B07F951A680F5B00A75B9A /* Release */,
			);
			defaultConfigurationIsVisible = 0;
			defaultConfigurationName = Release;
		};
		83CBB9FA1A601CBA00E9B192 /* Build configuration list for PBXProject "SkyMusicCity" */ = {
			isa = XCConfigurationList;
			buildConfigurations = (
				83CBBA201A601CBA00E9B192 /* Debug */,
				83CBBA211A601CBA00E9B192 /* Release */,
			);
			defaultConfigurationIsVisible = 0;
			defaultConfigurationName = Release;
		};
/* End XCConfigurationList section */
	};
	rootObject = 83CBB9F71A601CBA00E9B192 /* Project object */;
}
